{
  "name": "rive-output",
  "version": "1.0.0",
  "lockfileVersion": 3,
  "requires": true,
  "packages": {
    "": {
      "name": "rive-output",
      "version": "1.0.0",
      "dependencies": {
        "@stevysmith/rive-generator": "^0.1.1"
      }
    },
    "node_modules/@stevysmith/rive-generator": {
      "version": "0.1.1",
      "resolved": "https://registry.npmjs.org/@stevysmith/rive-generator/-/rive-generator-0.1.1.tgz",
      "integrity": "sha512-SSA/oXYiIxyVm7+7qFoOC8R4uGzvutNVl5bipJT+h+0KxWyp7QS8irGusJUnqJEMnB6E0C17xKiDz64W8/QeoA==",
      "license": "MIT",
      "engines": {
        "node": ">=18"
      }
    }
  }
}
